
Microsoft Visual Studio Solution File, Format Version 12.00
# Visual Studio 2013
VisualStudioVersion = 12.0.31101.0
MinimumVisualStudioVersion = 10.0.40219.1
Project("{FAE04EC0-301F-11D3-BF4B-00C04F79EFBC}") = "XOMNI.CMS.BackEnd", "src\XOMNI.CMS.BackEnd\XOMNI.CMS.BackEnd.csproj", "{0621E589-50D7-4981-8823-F9C884EF9402}"
EndProject
Project("{FAE04EC0-301F-11D3-BF4B-00C04F79EFBC}") = "XOMNI.CMS.BackEnd.Tests", "src\XOMNI.CMS.BackEnd.Tests\XOMNI.CMS.BackEnd.Tests.csproj", "{405A9D4C-5F56-4ECE-B0D9-4B1D55A69219}"
EndProject
Project("{FAE04EC0-301F-11D3-BF4B-00C04F79EFBC}") = "XOMNI.CMS.FrontEnd", "src\XOMNI.CMS.FrontEnd\XOMNI.CMS.FrontEnd.csproj", "{98E2D28F-324F-48D1-A8BD-ED237E4160C3}"
EndProject
Project("{2150E333-8FDC-42A3-9474-1A3956D46DE8}") = "Dependencies", "Dependencies", "{895DB904-EE47-4D0E-A0E7-9DB644DB9421}"
	ProjectSection(SolutionItems) = preProject
		src\XOMNI.CMS.BackEnd\Dependencies\XOMNI.SDK.Master.dll = src\XOMNI.CMS.BackEnd\Dependencies\XOMNI.SDK.Master.dll
	EndProjectSection
EndProject
Global
	GlobalSection(SolutionConfigurationPlatforms) = preSolution
		Debug|Any CPU = Debug|Any CPU
		Release|Any CPU = Release|Any CPU
	EndGlobalSection
	GlobalSection(ProjectConfigurationPlatforms) = postSolution
		{0621E589-50D7-4981-8823-F9C884EF9402}.Debug|Any CPU.ActiveCfg = Debug|Any CPU
		{0621E589-50D7-4981-8823-F9C884EF9402}.Debug|Any CPU.Build.0 = Debug|Any CPU
		{0621E589-50D7-4981-8823-F9C884EF9402}.Release|Any CPU.ActiveCfg = Release|Any CPU
		{0621E589-50D7-4981-8823-F9C884EF9402}.Release|Any CPU.Build.0 = Release|Any CPU
		{405A9D4C-5F56-4ECE-B0D9-4B1D55A69219}.Debug|Any CPU.ActiveCfg = Debug|Any CPU
		{405A9D4C-5F56-4ECE-B0D9-4B1D55A69219}.Debug|Any CPU.Build.0 = Debug|Any CPU
		{405A9D4C-5F56-4ECE-B0D9-4B1D55A69219}.Release|Any CPU.ActiveCfg = Release|Any CPU
		{405A9D4C-5F56-4ECE-B0D9-4B1D55A69219}.Release|Any CPU.Build.0 = Release|Any CPU
		{98E2D28F-324F-48D1-A8BD-ED237E4160C3}.Debug|Any CPU.ActiveCfg = Debug|Any CPU
		{98E2D28F-324F-48D1-A8BD-ED237E4160C3}.Debug|Any CPU.Build.0 = Debug|Any CPU
		{98E2D28F-324F-48D1-A8BD-ED237E4160C3}.Release|Any CPU.ActiveCfg = Release|Any CPU
		{98E2D28F-324F-48D1-A8BD-ED237E4160C3}.Release|Any CPU.Build.0 = Release|Any CPU
	EndGlobalSection
	GlobalSection(SolutionProperties) = preSolution
		HideSolutionNode = FALSE
	EndGlobalSection
EndGlobal
